{
    "_readme": [
        "This file locks the dependencies of your project to a known state",
        "Read more about it at http://getcomposer.org/doc/01-basic-usage.md#composer-lock-the-lock-file",
        "This file is @generated automatically"
    ],
    "hash": "18b70854d2c21064b0717886f2f2c41d",
    "packages": [
        {
            "name": "abraham/twitteroauth",
            "version": "dev-master",
            "source": {
                "type": "git",
                "url": "git@github.com:tomohikosato/twitteroauth.git",
                "reference": "98356f90107672c4c38fa2cd810d862e711a4ced"
            },
            "dist": {
                "type": "zip",
                "url": "https://api.github.com/repos/tomohikosato/twitteroauth/zipball/98356f90107672c4c38fa2cd810d862e711a4ced",
                "reference": "98356f90107672c4c38fa2cd810d862e711a4ced",
                "shasum": ""
            },
            "require": {
                "php": ">=5.3.2"
            },
            "type": "package",
            "autoload": {
                "files": [
                    "twitteroauth/OAuth.php"
                ]
            },
            "notification-url": "https://packagist.org/downloads/",
            "license": [
                "MIT"
            ],
            "authors": [
                {
                    "name": "Abraham Williams",
                    "email": "abraham@abrah.am",
                    "homepage": "http://abrah.am",
                    "role": "Developer"
                }
            ],
            "description": "Twitter oauth",
            "keywords": [
                "Twitter API",
                "Twitter oAuth"
            ],
            "time": "2012-11-14 03:45:45"
        }
    ],
    "packages-dev": [],
    "aliases": [],
    "minimum-stability": "stable",
    "stability-flags": {
        "abraham/twitteroauth": 20
    },
    "prefer-stable": false,
    "platform": [],
    "platform-dev": []
}
